Microsoft Visual Studio Solution File, Format Version 12.00
# Visual Studio Version 17
VisualStudioVersion = 17.5.2.0
MinimumVisualStudioVersion = 10.0.40219.1
Project("{FAE04EC0-301F-11D3-BF4B-00C04F79EFBC}") = "IS413-ToDoList", "IS413-ToDoList.csproj", "{51786AC0-DF44-B056-EDF3-BAF0A1FB9708}"
EndProject
Global
	GlobalSection(SolutionConfigurationPlatforms) = preSolution
		Debug|Any CPU = Debug|Any CPU
		Release|Any CPU = Release|Any CPU
	EndGlobalSection
	GlobalSection(ProjectConfigurationPlatforms) = postSolution
		{51786AC0-DF44-B056-EDF3-BAF0A1FB9708}.Debug|Any CPU.ActiveCfg = Debug|Any CPU
		{51786AC0-DF44-B056-EDF3-BAF0A1FB9708}.Debug|Any CPU.Build.0 = Debug|Any CPU
		{51786AC0-DF44-B056-EDF3-BAF0A1FB9708}.Release|Any CPU.ActiveCfg = Release|Any CPU
		{51786AC0-DF44-B056-EDF3-BAF0A1FB9708}.Release|Any CPU.Build.0 = Release|Any CPU
	EndGlobalSection
	GlobalSection(SolutionProperties) = preSolution
		HideSolutionNode = FALSE
	EndGlobalSection
	GlobalSection(ExtensibilityGlobals) = postSolution
		SolutionGuid = {7EC9A1B6-6369-498D-AC8E-9A0EC0C2FAD6}
	EndGlobalSection
EndGlobal
